{
    "_readme": [
        "This file locks the dependencies of your project to a known state",
        "Read more about it at https://getcomposer.org/doc/01-basic-usage.md#installing-dependencies",
        "This file is @generated automatically"
    ],
    "content-hash": "cded9899dc70b37d56db2600e6e817fc",
    "packages": [],
    "packages-dev": [
        {
            "name": "vkcom/noverify",
            "version": "v0.5.1",
            "source": {
                "type": "git",
                "url": "https://github.com/VKCOM/noverify.git",
                "reference": "1d121f20807cf03ad5ed2132e0ccbe61e468d879"
            },
            "dist": {
                "type": "zip",
                "url": "https://api.github.com/repos/VKCOM/noverify/zipball/1d121f20807cf03ad5ed2132e0ccbe61e468d879",
                "reference": "1d121f20807cf03ad5ed2132e0ccbe61e468d879",
                "shasum": ""
            },
            "require": {
                "ext-zip": "*",
                "php": ">=7.0"
            },
            "bin": [
                "src/cmd/composer-get/bin/noverify-get"
            ],
            "type": "library",
            "autoload": {
                "psr-4": {
                    "NoVerify\\": "src/cmd/composer-get/src"
                }
            },
            "notification-url": "https://packagist.org/downloads/",
            "license": [
                "MIT"
            ],
            "authors": [
                {
                    "name": "Yuriy Nasretdinov",
                    "email": "nasretdinov@gmail.com"
                },
                {
                    "name": "Iskander Sharipov",
                    "email": "quasilyte@gmail.com"
                },
                {
                    "name": "Petr Makhnev",
                    "email": "mr.makhneff@gmail.com"
                }
            ],
            "description": "Pretty fast linter (code static analysis utility) for PHP",
            "homepage": "https://github.com/VKCOM/noverify",
            "support": {
                "issues": "https://github.com/VKCOM/noverify/issues",
                "source": "https://github.com/VKCOM/noverify/tree/v0.5.1"
            },
            "time": "2021-09-05T18:29:14+00:00"
        }
    ],
    "aliases": [],
    "minimum-stability": "stable",
    "stability-flags": [],
    "prefer-stable": false,
    "prefer-lowest": false,
    "platform": {
        "ext-pdo": "*",
        "ext-json": "*",
        "ext-mbstring": "*",
        "ext-redis": "^5.3"
    },
    "platform-dev": [],
    "platform-overrides": {
        "php": "7.4"
    },
    "plugin-api-version": "2.1.0"
}
